
Microsoft Visual Studio Solution File, Format Version 12.00
# Visual Studio Version 16
VisualStudioVersion = 16.0.29424.173
MinimumVisualStudioVersion = 10.0.40219.1
Project("{FAE04EC0-301F-11D3-BF4B-00C04F79EFBC}") = "KshteInterface", "WindowsFormsApp1\KshteInterface.csproj", "{EA94B63D-1D43-4A95-B0AA-00E815C9F091}"
EndProject
Project("{54435603-DBB4-11D2-8724-00A0C9A8B90C}") = "KshteSetup", "KshteSetup\KshteSetup.vdproj", "{BDCD4A62-FB01-45D6-BA49-4E5CFA8FB6E1}"
EndProject
Global
	GlobalSection(SolutionConfigurationPlatforms) = preSolution
		Debug|Any CPU = Debug|Any CPU
		Release|Any CPU = Release|Any CPU
	EndGlobalSection
	GlobalSection(ProjectConfigurationPlatforms) = postSolution
		{EA94B63D-1D43-4A95-B0AA-00E815C9F091}.Debug|Any CPU.ActiveCfg = Debug|Any CPU
		{EA94B63D-1D43-4A95-B0AA-00E815C9F091}.Debug|Any CPU.Build.0 = Debug|Any CPU
		{EA94B63D-1D43-4A95-B0AA-00E815C9F091}.Release|Any CPU.ActiveCfg = Release|Any CPU
		{EA94B63D-1D43-4A95-B0AA-00E815C9F091}.Release|Any CPU.Build.0 = Release|Any CPU
		{BDCD4A62-FB01-45D6-BA49-4E5CFA8FB6E1}.Debug|Any CPU.ActiveCfg = Debug
		{BDCD4A62-FB01-45D6-BA49-4E5CFA8FB6E1}.Debug|Any CPU.Build.0 = Debug
		{BDCD4A62-FB01-45D6-BA49-4E5CFA8FB6E1}.Release|Any CPU.ActiveCfg = Release
		{BDCD4A62-FB01-45D6-BA49-4E5CFA8FB6E1}.Release|Any CPU.Build.0 = Release
	EndGlobalSection
	GlobalSection(SolutionProperties) = preSolution
		HideSolutionNode = FALSE
	EndGlobalSection
	GlobalSection(ExtensibilityGlobals) = postSolution
		SolutionGuid = {86951410-0852-4904-AF36-FE973FBAF295}
	EndGlobalSection
EndGlobal
